
Microsoft Visual Studio Solution File, Format Version 12.00
# Visual Studio 15
Project("{FAE04EC0-301F-11D3-BF4B-00C04F79EFBC}") = "Assembly-CSharp", "Assembly-CSharp.csproj", "{D6A55F96-951D-BC08-FC89-1198E94F4784}"
EndProject
Project("{FAE04EC0-301F-11D3-BF4B-00C04F79EFBC}") = "Unity.UOS.Encrypt", "Unity.UOS.Encrypt.csproj", "{BBBD4A17-9E0E-A314-59A8-61F7A2962E3F}"
EndProject
Global
	GlobalSection(SolutionConfigurationPlatforms) = preSolution
		Debug|Any CPU = Debug|Any CPU
		Release|Any CPU = Release|Any CPU
	EndGlobalSection
	GlobalSection(ProjectConfigurationPlatforms) = postSolution
		{D6A55F96-951D-BC08-FC89-1198E94F4784}.Debug|Any CPU.ActiveCfg = Debug|Any CPU
		{D6A55F96-951D-BC08-FC89-1198E94F4784}.Debug|Any CPU.Build.0 = Debug|Any CPU
		{D6A55F96-951D-BC08-FC89-1198E94F4784}.Release|Any CPU.ActiveCfg = Release|Any CPU
		{D6A55F96-951D-BC08-FC89-1198E94F4784}.Release|Any CPU.Build.0 = Release|Any CPU
		{BBBD4A17-9E0E-A314-59A8-61F7A2962E3F}.Debug|Any CPU.ActiveCfg = Debug|Any CPU
		{BBBD4A17-9E0E-A314-59A8-61F7A2962E3F}.Debug|Any CPU.Build.0 = Debug|Any CPU
		{BBBD4A17-9E0E-A314-59A8-61F7A2962E3F}.Release|Any CPU.ActiveCfg = Release|Any CPU
		{BBBD4A17-9E0E-A314-59A8-61F7A2962E3F}.Release|Any CPU.Build.0 = Release|Any CPU
	EndGlobalSection
	GlobalSection(SolutionProperties) = preSolution
		HideSolutionNode = FALSE
	EndGlobalSection
EndGlobal
